// !$*UTF8*$!
{
	archiveVersion = 1;
	classes = {
	};
	objectVersion = 50;
	objects = {

/* Begin PBXBuildFile section */
		6066E1D825E40C6C005E39C1 /* main.cpp in Sources */ = {isa = PBXBuildFile; fileRef = 6066E1D725E40C6C005E39C1 /* main.cpp */; };
		6066E1E125E40C7D005E39C1 /* FlyWeightFactory.cpp in Sources */ = {isa = PBXBuildFile; fileRef = 6066E1DF25E40C7D005E39C1 /* FlyWeightFactory.cpp */; };
		6066E1E525E40D9B005E39C1 /* Unit.cpp in Sources */ = {isa = PBXBuildFile; fileRef = 6066E1E325E40D9B005E39C1 /* Unit.cpp */; };
		6066E1E925E40E9F005E39C1 /* Goblin.cpp in Sources */ = {isa = PBXBuildFile; fileRef = 6066E1E725E40E9F005E39C1 /* Goblin.cpp */; };
		6066E1EE25E40F9B005E39C1 /* Dragon.cpp in Sources */ = {isa = PBXBuildFile; fileRef = 6066E1EC25E40F9B005E39C1 /* Dragon.cpp */; };
		6066E1F325E410D9005E39C1 /* Parse.cpp in Sources */ = {isa = PBXBuildFile; fileRef = 6066E1F125E410D9005E39C1 /* Parse.cpp */; };
/* End PBXBuildFile section */

/* Begin PBXCopyFilesBuildPhase section */
		6066E1D225E40C6C005E39C1 /* CopyFiles */ = {
			isa = PBXCopyFilesBuildPhase;
			buildActionMask = 2147483647;
			dstPath = /usr/share/man/man1/;
			dstSubfolderSpec = 0;
			files = (
			);
			runOnlyForDeploymentPostprocessing = 1;
		};
/* End PBXCopyFilesBuildPhase section */

/* Begin PBXFileReference section */
		6066E1D425E40C6C005E39C1 /* FlyWeight */ = {isa = PBXFileReference; explicitFileType = "compiled.mach-o.executable"; includeInIndex = 0; path = FlyWeight; sourceTree = BUILT_PRODUCTS_DIR; };
		6066E1D725E40C6C005E39C1 /* main.cpp */ = {isa = PBXFileReference; lastKnownFileType = sourcecode.cpp.cpp; path = main.cpp; sourceTree = "<group>"; };
		6066E1DF25E40C7D005E39C1 /* FlyWeightFactory.cpp */ = {isa = PBXFileReference; lastKnownFileType = sourcecode.cpp.cpp; path = FlyWeightFactory.cpp; sourceTree = "<group>"; };
		6066E1E025E40C7D005E39C1 /* FlyWeightFactory.hpp */ = {isa = PBXFileReference; lastKnownFileType = sourcecode.cpp.h; path = FlyWeightFactory.hpp; sourceTree = "<group>"; };
		6066E1E325E40D9B005E39C1 /* Unit.cpp */ = {isa = PBXFileReference; lastKnownFileType = sourcecode.cpp.cpp; path = Unit.cpp; sourceTree = "<group>"; };
		6066E1E425E40D9B005E39C1 /* Unit.hpp */ = {isa = PBXFileReference; lastKnownFileType = sourcecode.cpp.h; path = Unit.hpp; sourceTree = "<group>"; };
		6066E1E725E40E9F005E39C1 /* Goblin.cpp */ = {isa = PBXFileReference; lastKnownFileType = sourcecode.cpp.cpp; path = Goblin.cpp; sourceTree = "<group>"; };
		6066E1E825E40E9F005E39C1 /* Goblin.hpp */ = {isa = PBXFileReference; lastKnownFileType = sourcecode.cpp.h; path = Goblin.hpp; sourceTree = "<group>"; };
		6066E1EC25E40F9B005E39C1 /* Dragon.cpp */ = {isa = PBXFileReference; lastKnownFileType = sourcecode.cpp.cpp; path = Dragon.cpp; sourceTree = "<group>"; };
		6066E1ED25E40F9B005E39C1 /* Dragon.hpp */ = {isa = PBXFileReference; lastKnownFileType = sourcecode.cpp.h; path = Dragon.hpp; sourceTree = "<group>"; };
		6066E1F125E410D9005E39C1 /* Parse.cpp */ = {isa = PBXFileReference; lastKnownFileType = sourcecode.cpp.cpp; path = Parse.cpp; sourceTree = "<group>"; };
		6066E1F225E410D9005E39C1 /* Parse.hpp */ = {isa = PBXFileReference; lastKnownFileType = sourcecode.cpp.h; path = Parse.hpp; sourceTree = "<group>"; };
/* End PBXFileReference section */

/* Begin PBXFrameworksBuildPhase section */
		6066E1D125E40C6C005E39C1 /* Frameworks */ = {
			isa = PBXFrameworksBuildPhase;
			buildActionMask = 2147483647;
			files = (
			);
			runOnlyForDeploymentPostprocessing = 0;
		};
/* End PBXFrameworksBuildPhase section */

/* Begin PBXGroup section */
		6066E1CB25E40C6C005E39C1 = {
			isa = PBXGroup;
			children = (
				6066E1D625E40C6C005E39C1 /* FlyWeight */,
				6066E1D525E40C6C005E39C1 /* Products */,
			);
			sourceTree = "<group>";
		};
		6066E1D525E40C6C005E39C1 /* Products */ = {
			isa = PBXGroup;
			children = (
				6066E1D425E40C6C005E39C1 /* FlyWeight */,
			);
			name = Products;
			sourceTree = "<group>";
		};
		6066E1D625E40C6C005E39C1 /* FlyWeight */ = {
			isa = PBXGroup;
			children = (
				6066E1D725E40C6C005E39C1 /* main.cpp */,
				6066E1E025E40C7D005E39C1 /* FlyWeightFactory.hpp */,
				6066E1DF25E40C7D005E39C1 /* FlyWeightFactory.cpp */,
				6066E1E425E40D9B005E39C1 /* Unit.hpp */,
				6066E1E325E40D9B005E39C1 /* Unit.cpp */,
				6066E1E825E40E9F005E39C1 /* Goblin.hpp */,
				6066E1E725E40E9F005E39C1 /* Goblin.cpp */,
				6066E1ED25E40F9B005E39C1 /* Dragon.hpp */,
				6066E1EC25E40F9B005E39C1 /* Dragon.cpp */,
				6066E1F225E410D9005E39C1 /* Parse.hpp */,
				6066E1F125E410D9005E39C1 /* Parse.cpp */,
			);
			path = FlyWeight;
			sourceTree = "<group>";
		};
/* End PBXGroup section */

/* Begin PBXNativeTarget section */
		6066E1D325E40C6C005E39C1 /* FlyWeight */ = {
			isa = PBXNativeTarget;
			buildConfigurationList = 6066E1DB25E40C6C005E39C1 /* Build configuration list for PBXNativeTarget "FlyWeight" */;
			buildPhases = (
				6066E1D025E40C6C005E39C1 /* Sources */,
				6066E1D125E40C6C005E39C1 /* Frameworks */,
				6066E1D225E40C6C005E39C1 /* CopyFiles */,
			);
			buildRules = (
			);
			dependencies = (
			);
			name = FlyWeight;
			productName = FlyWeight;
			productReference = 6066E1D425E40C6C005E39C1 /* FlyWeight */;
			productType = "com.apple.product-type.tool";
		};
/* End PBXNativeTarget section */

/* Begin PBXProject section */
		6066E1CC25E40C6C005E39C1 /* Project object */ = {
			isa = PBXProject;
			attributes = {
				LastUpgradeCheck = 1230;
				TargetAttributes = {
					6066E1D325E40C6C005E39C1 = {
						CreatedOnToolsVersion = 12.3;
					};
				};
			};
			buildConfigurationList = 6066E1CF25E40C6C005E39C1 /* Build configuration list for PBXProject "FlyWeight" */;
			compatibilityVersion = "Xcode 9.3";
			developmentRegion = en;
			hasScannedForEncodings = 0;
			knownRegions = (
				en,
				Base,
			);
			mainGroup = 6066E1CB25E40C6C005E39C1;
			productRefGroup = 6066E1D525E40C6C005E39C1 /* Products */;
			projectDirPath = "";
			projectRoot = "";
			targets = (
				6066E1D325E40C6C005E39C1 /* FlyWeight */,
			);
		};
/* End PBXProject section */

/* Begin PBXSourcesBuildPhase section */
		6066E1D025E40C6C005E39C1 /* Sources */ = {
			isa = PBXSourcesBuildPhase;
			buildActionMask = 2147483647;
			files = (
				6066E1E525E40D9B005E39C1 /* Unit.cpp in Sources */,
				6066E1E125E40C7D005E39C1 /* FlyWeightFactory.cpp in Sources */,
				6066E1E925E40E9F005E39C1 /* Goblin.cpp in Sources */,
				6066E1F325E410D9005E39C1 /* Parse.cpp in Sources */,
				6066E1D825E40C6C005E39C1 /* main.cpp in Sources */,
				6066E1EE25E40F9B005E39C1 /* Dragon.cpp in Sources */,
			);
			runOnlyForDeploymentPostprocessing = 0;
		};
/* End PBXSourcesBuildPhase section */

/* Begin XCBuildConfiguration section */
		6066E1D925E40C6C005E39C1 /* Debug */ = {
			isa = XCBuildConfiguration;
			buildSettings = {
				ALWAYS_SEARCH_USER_PATHS = NO;
				CLANG_ANALYZER_NONNULL = YES;
				CLANG_ANALYZER_NUMBER_OBJECT_CONVERSION = YES_AGGRESSIVE;
				CLANG_CXX_LANGUAGE_STANDARD = "gnu++14";
				CLANG_CXX_LIBRARY = "libc++";
				CLANG_ENABLE_MODULES = YES;
				CLANG_ENABLE_OBJC_ARC = YES;
				CLANG_ENABLE_OBJC_WEAK = YES;
				CLANG_WARN_BLOCK_CAPTURE_AUTORELEASING = YES;
				CLANG_WARN_BOOL_CONVERSION = YES;
				CLANG_WARN_COMMA = YES;
				CLANG_WARN_CONSTANT_CONVERSION = YES;
				CLANG_WARN_DEPRECATED_OBJC_IMPLEMENTATIONS = YES;
				CLANG_WARN_DIRECT_OBJC_ISA_USAGE = YES_ERROR;
				CLANG_WARN_DOCUMENTATION_COMMENTS = YES;
				CLANG_WARN_EMPTY_BODY = YES;
				CLANG_WARN_ENUM_CONVERSION = YES;
				CLANG_WARN_INFINITE_RECURSION = YES;
				CLANG_WARN_INT_CONVERSION = YES;
				CLANG_WARN_NON_LITERAL_NULL_CONVERSION = YES;
				CLANG_WARN_OBJC_IMPLICIT_RETAIN_SELF = YES;
				CLANG_WARN_OBJC_LITERAL_CONVERSION = YES;
				CLANG_WARN_OBJC_ROOT_CLASS = YES_ERROR;
				CLANG_WARN_QUOTED_INCLUDE_IN_FRAMEWORK_HEADER = YES;
				CLANG_WARN_RANGE_LOOP_ANALYSIS = YES;
				CLANG_WARN_STRICT_PROTOTYPES = YES;
				CLANG_WARN_SUSPICIOUS_MOVE = YES;
				CLANG_WARN_UNGUARDED_AVAILABILITY = YES_AGGRESSIVE;
				CLANG_WARN_UNREACHABLE_CODE = YES;
				CLANG_WARN__DUPLICATE_METHOD_MATCH = YES;
				COPY_PHASE_STRIP = NO;
				DEBUG_INFORMATION_FORMAT = dwarf;
				ENABLE_STRICT_OBJC_MSGSEND = YES;
				ENABLE_TESTABILITY = YES;
				GCC_C_LANGUAGE_STANDARD = gnu11;
				GCC_DYNAMIC_NO_PIC = NO;
				GCC_NO_COMMON_BLOCKS = YES;
				GCC_OPTIMIZATION_LEVEL = 0;
				GCC_PREPROCESSOR_DEFINITIONS = (
					"DEBUG=1",
					"$(inherited)",
				);
				GCC_WARN_64_TO_32_BIT_CONVERSION = YES;
				GCC_WARN_ABOUT_RETURN_TYPE = YES_ERROR;
				GCC_WARN_UNDECLARED_SELECTOR = YES;
				GCC_WARN_UNINITIALIZED_AUTOS = YES_AGGRESSIVE;
				GCC_WARN_UNUSED_FUNCTION = YES;
				GCC_WARN_UNUSED_VARIABLE = YES;
				MACOSX_DEPLOYMENT_TARGET = 10.15;
				MTL_ENABLE_DEBUG_INFO = INCLUDE_SOURCE;
				MTL_FAST_MATH = YES;
				ONLY_ACTIVE_ARCH = YES;
				SDKROOT = macosx;
			};
			name = Debug;
		};
		6066E1DA25E40C6C005E39C1 /* Release */ = {
			isa = XCBuildConfiguration;
			buildSettings = {
				ALWAYS_SEARCH_USER_PATHS = NO;
				CLANG_ANALYZER_NONNULL = YES;
				CLANG_ANALYZER_NUMBER_OBJECT_CONVERSION = YES_AGGRESSIVE;
				CLANG_CXX_LANGUAGE_STANDARD = "gnu++14";
				CLANG_CXX_LIBRARY = "libc++";
				CLANG_ENABLE_MODULES = YES;
				CLANG_ENABLE_OBJC_ARC = YES;
				CLANG_ENABLE_OBJC_WEAK = YES;
				CLANG_WARN_BLOCK_CAPTURE_AUTORELEASING = YES;
				CLANG_WARN_BOOL_CONVERSION = YES;
				CLANG_WARN_COMMA = YES;
				CLANG_WARN_CONSTANT_CONVERSION = YES;
				CLANG_WARN_DEPRECATED_OBJC_IMPLEMENTATIONS = YES;
				CLANG_WARN_DIRECT_OBJC_ISA_USAGE = YES_ERROR;
				CLANG_WARN_DOCUMENTATION_COMMENTS = YES;
				CLANG_WARN_EMPTY_BODY = YES;
				CLANG_WARN_ENUM_CONVERSION = YES;
				CLANG_WARN_INFINITE_RECURSION = YES;
				CLANG_WARN_INT_CONVERSION = YES;
				CLANG_WARN_NON_LITERAL_NULL_CONVERSION = YES;
				CLANG_WARN_OBJC_IMPLICIT_RETAIN_SELF = YES;
				CLANG_WARN_OBJC_LITERAL_CONVERSION = YES;
				CLANG_WARN_OBJC_ROOT_CLASS = YES_ERROR;
				CLANG_WARN_QUOTED_INCLUDE_IN_FRAMEWORK_HEADER = YES;
				CLANG_WARN_RANGE_LOOP_ANALYSIS = YES;
				CLANG_WARN_STRICT_PROTOTYPES = YES;
				CLANG_WARN_SUSPICIOUS_MOVE = YES;
				CLANG_WARN_UNGUARDED_AVAILABILITY = YES_AGGRESSIVE;
				CLANG_WARN_UNREACHABLE_CODE = YES;
				CLANG_WARN__DUPLICATE_METHOD_MATCH = YES;
				COPY_PHASE_STRIP = NO;
				DEBUG_INFORMATION_FORMAT = "dwarf-with-dsym";
				ENABLE_NS_ASSERTIONS = NO;
				ENABLE_STRICT_OBJC_MSGSEND = YES;
				GCC_C_LANGUAGE_STANDARD = gnu11;
				GCC_NO_COMMON_BLOCKS = YES;
				GCC_WARN_64_TO_32_BIT_CONVERSION = YES;
				GCC_WARN_ABOUT_RETURN_TYPE = YES_ERROR;
				GCC_WARN_UNDECLARED_SELECTOR = YES;
				GCC_WARN_UNINITIALIZED_AUTOS = YES_AGGRESSIVE;
				GCC_WARN_UNUSED_FUNCTION = YES;
				GCC_WARN_UNUSED_VARIABLE = YES;
				MACOSX_DEPLOYMENT_TARGET = 10.15;
				MTL_ENABLE_DEBUG_INFO = NO;
				MTL_FAST_MATH = YES;
				SDKROOT = macosx;
			};
			name = Release;
		};
		6066E1DC25E40C6C005E39C1 /* Debug */ = {
			isa = XCBuildConfiguration;
			buildSettings = {
				CODE_SIGN_STYLE = Automatic;
				PRODUCT_NAME = "$(TARGET_NAME)";
			};
			name = Debug;
		};
		6066E1DD25E40C6C005E39C1 /* Release */ = {
			isa = XCBuildConfiguration;
			buildSettings = {
				CODE_SIGN_STYLE = Automatic;
				PRODUCT_NAME = "$(TARGET_NAME)";
			};
			name = Release;
		};
/* End XCBuildConfiguration section */

/* Begin XCConfigurationList section */
		6066E1CF25E40C6C005E39C1 /* Build configuration list for PBXProject "FlyWeight" */ = {
			isa = XCConfigurationList;
			buildConfigurations = (
				6066E1D925E40C6C005E39C1 /* Debug */,
				6066E1DA25E40C6C005E39C1 /* Release */,
			);
			defaultConfigurationIsVisible = 0;
			defaultConfigurationName = Release;
		};
		6066E1DB25E40C6C005E39C1 /* Build configuration list for PBXNativeTarget "FlyWeight" */ = {
			isa = XCConfigurationList;
			buildConfigurations = (
				6066E1DC25E40C6C005E39C1 /* Debug */,
				6066E1DD25E40C6C005E39C1 /* Release */,
			);
			defaultConfigurationIsVisible = 0;
			defaultConfigurationName = Release;
		};
/* End XCConfigurationList section */
	};
	rootObject = 6066E1CC25E40C6C005E39C1 /* Project object */;
}
