// !$*UTF8*$!
{
	archiveVersion = 1;
	classes = {
	};
	objectVersion = 50;
	objects = {

/* Begin PBXBuildFile section */
		60B0898825EA61FC008D29F8 /* main.cpp in Sources */ = {isa = PBXBuildFile; fileRef = 60B0898725EA61FC008D29F8 /* main.cpp */; };
		60B0899525EA621A008D29F8 /* Subscriber.cpp in Sources */ = {isa = PBXBuildFile; fileRef = 60B0898F25EA6219008D29F8 /* Subscriber.cpp */; };
		60B0899625EA621A008D29F8 /* SupervisedString.cpp in Sources */ = {isa = PBXBuildFile; fileRef = 60B0899325EA621A008D29F8 /* SupervisedString.cpp */; };
		60B0899725EA621A008D29F8 /* Reflector.cpp in Sources */ = {isa = PBXBuildFile; fileRef = 60B0899425EA621A008D29F8 /* Reflector.cpp */; };
		60B0899B25EA6240008D29F8 /* Counter.cpp in Sources */ = {isa = PBXBuildFile; fileRef = 60B0899925EA6240008D29F8 /* Counter.cpp */; };
		60B0899F25EA63C6008D29F8 /* Swapper.cpp in Sources */ = {isa = PBXBuildFile; fileRef = 60B0899D25EA63C6008D29F8 /* Swapper.cpp */; };
/* End PBXBuildFile section */

/* Begin PBXCopyFilesBuildPhase section */
		60B0898225EA61FC008D29F8 /* CopyFiles */ = {
			isa = PBXCopyFilesBuildPhase;
			buildActionMask = 2147483647;
			dstPath = /usr/share/man/man1/;
			dstSubfolderSpec = 0;
			files = (
			);
			runOnlyForDeploymentPostprocessing = 1;
		};
/* End PBXCopyFilesBuildPhase section */

/* Begin PBXFileReference section */
		60B0898425EA61FC008D29F8 /* Observer */ = {isa = PBXFileReference; explicitFileType = "compiled.mach-o.executable"; includeInIndex = 0; path = Observer; sourceTree = BUILT_PRODUCTS_DIR; };
		60B0898725EA61FC008D29F8 /* main.cpp */ = {isa = PBXFileReference; lastKnownFileType = sourcecode.cpp.cpp; path = main.cpp; sourceTree = "<group>"; };
		60B0898F25EA6219008D29F8 /* Subscriber.cpp */ = {isa = PBXFileReference; fileEncoding = 4; lastKnownFileType = sourcecode.cpp.cpp; path = Subscriber.cpp; sourceTree = "<group>"; };
		60B0899025EA6219008D29F8 /* Subscriber.h */ = {isa = PBXFileReference; fileEncoding = 4; lastKnownFileType = sourcecode.c.h; path = Subscriber.h; sourceTree = "<group>"; };
		60B0899125EA6219008D29F8 /* SupervisedString.h */ = {isa = PBXFileReference; fileEncoding = 4; lastKnownFileType = sourcecode.c.h; path = SupervisedString.h; sourceTree = "<group>"; };
		60B0899225EA6219008D29F8 /* Reflector.h */ = {isa = PBXFileReference; fileEncoding = 4; lastKnownFileType = sourcecode.c.h; path = Reflector.h; sourceTree = "<group>"; };
		60B0899325EA621A008D29F8 /* SupervisedString.cpp */ = {isa = PBXFileReference; fileEncoding = 4; lastKnownFileType = sourcecode.cpp.cpp; path = SupervisedString.cpp; sourceTree = "<group>"; };
		60B0899425EA621A008D29F8 /* Reflector.cpp */ = {isa = PBXFileReference; fileEncoding = 4; lastKnownFileType = sourcecode.cpp.cpp; path = Reflector.cpp; sourceTree = "<group>"; };
		60B0899925EA6240008D29F8 /* Counter.cpp */ = {isa = PBXFileReference; lastKnownFileType = sourcecode.cpp.cpp; path = Counter.cpp; sourceTree = "<group>"; };
		60B0899A25EA6240008D29F8 /* Counter.hpp */ = {isa = PBXFileReference; lastKnownFileType = sourcecode.cpp.h; path = Counter.hpp; sourceTree = "<group>"; };
		60B0899D25EA63C6008D29F8 /* Swapper.cpp */ = {isa = PBXFileReference; lastKnownFileType = sourcecode.cpp.cpp; path = Swapper.cpp; sourceTree = "<group>"; };
		60B0899E25EA63C6008D29F8 /* Swapper.hpp */ = {isa = PBXFileReference; lastKnownFileType = sourcecode.cpp.h; path = Swapper.hpp; sourceTree = "<group>"; };
/* End PBXFileReference section */

/* Begin PBXFrameworksBuildPhase section */
		60B0898125EA61FC008D29F8 /* Frameworks */ = {
			isa = PBXFrameworksBuildPhase;
			buildActionMask = 2147483647;
			files = (
			);
			runOnlyForDeploymentPostprocessing = 0;
		};
/* End PBXFrameworksBuildPhase section */

/* Begin PBXGroup section */
		60B0897B25EA61FC008D29F8 = {
			isa = PBXGroup;
			children = (
				60B0898625EA61FC008D29F8 /* Observer */,
				60B0898525EA61FC008D29F8 /* Products */,
			);
			sourceTree = "<group>";
		};
		60B0898525EA61FC008D29F8 /* Products */ = {
			isa = PBXGroup;
			children = (
				60B0898425EA61FC008D29F8 /* Observer */,
			);
			name = Products;
			sourceTree = "<group>";
		};
		60B0898625EA61FC008D29F8 /* Observer */ = {
			isa = PBXGroup;
			children = (
				60B0898725EA61FC008D29F8 /* main.cpp */,
				60B0899925EA6240008D29F8 /* Counter.cpp */,
				60B0899A25EA6240008D29F8 /* Counter.hpp */,
				60B0899425EA621A008D29F8 /* Reflector.cpp */,
				60B0899225EA6219008D29F8 /* Reflector.h */,
				60B0898F25EA6219008D29F8 /* Subscriber.cpp */,
				60B0899025EA6219008D29F8 /* Subscriber.h */,
				60B0899325EA621A008D29F8 /* SupervisedString.cpp */,
				60B0899125EA6219008D29F8 /* SupervisedString.h */,
				60B0899D25EA63C6008D29F8 /* Swapper.cpp */,
				60B0899E25EA63C6008D29F8 /* Swapper.hpp */,
			);
			path = Observer;
			sourceTree = "<group>";
		};
/* End PBXGroup section */

/* Begin PBXNativeTarget section */
		60B0898325EA61FC008D29F8 /* Observer */ = {
			isa = PBXNativeTarget;
			buildConfigurationList = 60B0898B25EA61FC008D29F8 /* Build configuration list for PBXNativeTarget "Observer" */;
			buildPhases = (
				60B0898025EA61FC008D29F8 /* Sources */,
				60B0898125EA61FC008D29F8 /* Frameworks */,
				60B0898225EA61FC008D29F8 /* CopyFiles */,
			);
			buildRules = (
			);
			dependencies = (
			);
			name = Observer;
			productName = Observer;
			productReference = 60B0898425EA61FC008D29F8 /* Observer */;
			productType = "com.apple.product-type.tool";
		};
/* End PBXNativeTarget section */

/* Begin PBXProject section */
		60B0897C25EA61FC008D29F8 /* Project object */ = {
			isa = PBXProject;
			attributes = {
				LastUpgradeCheck = 1230;
				TargetAttributes = {
					60B0898325EA61FC008D29F8 = {
						CreatedOnToolsVersion = 12.3;
					};
				};
			};
			buildConfigurationList = 60B0897F25EA61FC008D29F8 /* Build configuration list for PBXProject "Observer" */;
			compatibilityVersion = "Xcode 9.3";
			developmentRegion = en;
			hasScannedForEncodings = 0;
			knownRegions = (
				en,
				Base,
			);
			mainGroup = 60B0897B25EA61FC008D29F8;
			productRefGroup = 60B0898525EA61FC008D29F8 /* Products */;
			projectDirPath = "";
			projectRoot = "";
			targets = (
				60B0898325EA61FC008D29F8 /* Observer */,
			);
		};
/* End PBXProject section */

/* Begin PBXSourcesBuildPhase section */
		60B0898025EA61FC008D29F8 /* Sources */ = {
			isa = PBXSourcesBuildPhase;
			buildActionMask = 2147483647;
			files = (
				60B0899F25EA63C6008D29F8 /* Swapper.cpp in Sources */,
				60B0899725EA621A008D29F8 /* Reflector.cpp in Sources */,
				60B0898825EA61FC008D29F8 /* main.cpp in Sources */,
				60B0899625EA621A008D29F8 /* SupervisedString.cpp in Sources */,
				60B0899525EA621A008D29F8 /* Subscriber.cpp in Sources */,
				60B0899B25EA6240008D29F8 /* Counter.cpp in Sources */,
			);
			runOnlyForDeploymentPostprocessing = 0;
		};
/* End PBXSourcesBuildPhase section */

/* Begin XCBuildConfiguration section */
		60B0898925EA61FC008D29F8 /* Debug */ = {
			isa = XCBuildConfiguration;
			buildSettings = {
				ALWAYS_SEARCH_USER_PATHS = NO;
				CLANG_ANALYZER_NONNULL = YES;
				CLANG_ANALYZER_NUMBER_OBJECT_CONVERSION = YES_AGGRESSIVE;
				CLANG_CXX_LANGUAGE_STANDARD = "gnu++14";
				CLANG_CXX_LIBRARY = "libc++";
				CLANG_ENABLE_MODULES = YES;
				CLANG_ENABLE_OBJC_ARC = YES;
				CLANG_ENABLE_OBJC_WEAK = YES;
				CLANG_WARN_BLOCK_CAPTURE_AUTORELEASING = YES;
				CLANG_WARN_BOOL_CONVERSION = YES;
				CLANG_WARN_COMMA = YES;
				CLANG_WARN_CONSTANT_CONVERSION = YES;
				CLANG_WARN_DEPRECATED_OBJC_IMPLEMENTATIONS = YES;
				CLANG_WARN_DIRECT_OBJC_ISA_USAGE = YES_ERROR;
				CLANG_WARN_DOCUMENTATION_COMMENTS = YES;
				CLANG_WARN_EMPTY_BODY = YES;
				CLANG_WARN_ENUM_CONVERSION = YES;
				CLANG_WARN_INFINITE_RECURSION = YES;
				CLANG_WARN_INT_CONVERSION = YES;
				CLANG_WARN_NON_LITERAL_NULL_CONVERSION = YES;
				CLANG_WARN_OBJC_IMPLICIT_RETAIN_SELF = YES;
				CLANG_WARN_OBJC_LITERAL_CONVERSION = YES;
				CLANG_WARN_OBJC_ROOT_CLASS = YES_ERROR;
				CLANG_WARN_QUOTED_INCLUDE_IN_FRAMEWORK_HEADER = YES;
				CLANG_WARN_RANGE_LOOP_ANALYSIS = YES;
				CLANG_WARN_STRICT_PROTOTYPES = YES;
				CLANG_WARN_SUSPICIOUS_MOVE = YES;
				CLANG_WARN_UNGUARDED_AVAILABILITY = YES_AGGRESSIVE;
				CLANG_WARN_UNREACHABLE_CODE = YES;
				CLANG_WARN__DUPLICATE_METHOD_MATCH = YES;
				COPY_PHASE_STRIP = NO;
				DEBUG_INFORMATION_FORMAT = dwarf;
				ENABLE_STRICT_OBJC_MSGSEND = YES;
				ENABLE_TESTABILITY = YES;
				GCC_C_LANGUAGE_STANDARD = gnu11;
				GCC_DYNAMIC_NO_PIC = NO;
				GCC_NO_COMMON_BLOCKS = YES;
				GCC_OPTIMIZATION_LEVEL = 0;
				GCC_PREPROCESSOR_DEFINITIONS = (
					"DEBUG=1",
					"$(inherited)",
				);
				GCC_WARN_64_TO_32_BIT_CONVERSION = YES;
				GCC_WARN_ABOUT_RETURN_TYPE = YES_ERROR;
				GCC_WARN_UNDECLARED_SELECTOR = YES;
				GCC_WARN_UNINITIALIZED_AUTOS = YES_AGGRESSIVE;
				GCC_WARN_UNUSED_FUNCTION = YES;
				GCC_WARN_UNUSED_VARIABLE = YES;
				MACOSX_DEPLOYMENT_TARGET = 10.15;
				MTL_ENABLE_DEBUG_INFO = INCLUDE_SOURCE;
				MTL_FAST_MATH = YES;
				ONLY_ACTIVE_ARCH = YES;
				SDKROOT = macosx;
			};
			name = Debug;
		};
		60B0898A25EA61FC008D29F8 /* Release */ = {
			isa = XCBuildConfiguration;
			buildSettings = {
				ALWAYS_SEARCH_USER_PATHS = NO;
				CLANG_ANALYZER_NONNULL = YES;
				CLANG_ANALYZER_NUMBER_OBJECT_CONVERSION = YES_AGGRESSIVE;
				CLANG_CXX_LANGUAGE_STANDARD = "gnu++14";
				CLANG_CXX_LIBRARY = "libc++";
				CLANG_ENABLE_MODULES = YES;
				CLANG_ENABLE_OBJC_ARC = YES;
				CLANG_ENABLE_OBJC_WEAK = YES;
				CLANG_WARN_BLOCK_CAPTURE_AUTORELEASING = YES;
				CLANG_WARN_BOOL_CONVERSION = YES;
				CLANG_WARN_COMMA = YES;
				CLANG_WARN_CONSTANT_CONVERSION = YES;
				CLANG_WARN_DEPRECATED_OBJC_IMPLEMENTATIONS = YES;
				CLANG_WARN_DIRECT_OBJC_ISA_USAGE = YES_ERROR;
				CLANG_WARN_DOCUMENTATION_COMMENTS = YES;
				CLANG_WARN_EMPTY_BODY = YES;
				CLANG_WARN_ENUM_CONVERSION = YES;
				CLANG_WARN_INFINITE_RECURSION = YES;
				CLANG_WARN_INT_CONVERSION = YES;
				CLANG_WARN_NON_LITERAL_NULL_CONVERSION = YES;
				CLANG_WARN_OBJC_IMPLICIT_RETAIN_SELF = YES;
				CLANG_WARN_OBJC_LITERAL_CONVERSION = YES;
				CLANG_WARN_OBJC_ROOT_CLASS = YES_ERROR;
				CLANG_WARN_QUOTED_INCLUDE_IN_FRAMEWORK_HEADER = YES;
				CLANG_WARN_RANGE_LOOP_ANALYSIS = YES;
				CLANG_WARN_STRICT_PROTOTYPES = YES;
				CLANG_WARN_SUSPICIOUS_MOVE = YES;
				CLANG_WARN_UNGUARDED_AVAILABILITY = YES_AGGRESSIVE;
				CLANG_WARN_UNREACHABLE_CODE = YES;
				CLANG_WARN__DUPLICATE_METHOD_MATCH = YES;
				COPY_PHASE_STRIP = NO;
				DEBUG_INFORMATION_FORMAT = "dwarf-with-dsym";
				ENABLE_NS_ASSERTIONS = NO;
				ENABLE_STRICT_OBJC_MSGSEND = YES;
				GCC_C_LANGUAGE_STANDARD = gnu11;
				GCC_NO_COMMON_BLOCKS = YES;
				GCC_WARN_64_TO_32_BIT_CONVERSION = YES;
				GCC_WARN_ABOUT_RETURN_TYPE = YES_ERROR;
				GCC_WARN_UNDECLARED_SELECTOR = YES;
				GCC_WARN_UNINITIALIZED_AUTOS = YES_AGGRESSIVE;
				GCC_WARN_UNUSED_FUNCTION = YES;
				GCC_WARN_UNUSED_VARIABLE = YES;
				MACOSX_DEPLOYMENT_TARGET = 10.15;
				MTL_ENABLE_DEBUG_INFO = NO;
				MTL_FAST_MATH = YES;
				SDKROOT = macosx;
			};
			name = Release;
		};
		60B0898C25EA61FC008D29F8 /* Debug */ = {
			isa = XCBuildConfiguration;
			buildSettings = {
				CODE_SIGN_STYLE = Automatic;
				PRODUCT_NAME = "$(TARGET_NAME)";
			};
			name = Debug;
		};
		60B0898D25EA61FC008D29F8 /* Release */ = {
			isa = XCBuildConfiguration;
			buildSettings = {
				CODE_SIGN_STYLE = Automatic;
				PRODUCT_NAME = "$(TARGET_NAME)";
			};
			name = Release;
		};
/* End XCBuildConfiguration section */

/* Begin XCConfigurationList section */
		60B0897F25EA61FC008D29F8 /* Build configuration list for PBXProject "Observer" */ = {
			isa = XCConfigurationList;
			buildConfigurations = (
				60B0898925EA61FC008D29F8 /* Debug */,
				60B0898A25EA61FC008D29F8 /* Release */,
			);
			defaultConfigurationIsVisible = 0;
			defaultConfigurationName = Release;
		};
		60B0898B25EA61FC008D29F8 /* Build configuration list for PBXNativeTarget "Observer" */ = {
			isa = XCConfigurationList;
			buildConfigurations = (
				60B0898C25EA61FC008D29F8 /* Debug */,
				60B0898D25EA61FC008D29F8 /* Release */,
			);
			defaultConfigurationIsVisible = 0;
			defaultConfigurationName = Release;
		};
/* End XCConfigurationList section */
	};
	rootObject = 60B0897C25EA61FC008D29F8 /* Project object */;
}
